
Microsoft Visual Studio Solution File, Format Version 12.00
# Visual Studio Version 17
VisualStudioVersion = 17.6.33815.320
MinimumVisualStudioVersion = 10.0.40219.1
Project("{9A19103F-16F7-4668-BE54-9A1E7A4F7556}") = "TorcBooks", "TorcBooks\TorcBooks.csproj", "{97B4AC23-CDEF-461B-A7FD-2A5D8341E1E9}"
EndProject
Project("{2150E333-8FDC-42A3-9474-1A3956D46DE8}") = "Tests", "Tests", "{4C71FAFE-7F9D-4C9F-B06A-DE51FCE17205}"
EndProject
Project("{9A19103F-16F7-4668-BE54-9A1E7A4F7556}") = "TorcBooks.Integration.Tests", "TorcBooks.Integration.Tests\TorcBooks.Integration.Tests.csproj", "{D49F68B1-9E4A-455F-AC4C-DF8930D79865}"
EndProject
Project("{E53339B2-1760-4266-BCC7-CA923CBCF16C}") = "docker-compose", "docker-compose.dcproj", "{1938424F-7692-4098-ADC9-982D6F9EF5DE}"
EndProject
Project("{FAE04EC0-301F-11D3-BF4B-00C04F79EFBC}") = "TorcBooks.Store", "TorcBooks.Store\TorcBooks.Store.csproj", "{8AE4906D-FDFD-4B83-A29E-3C8E3FD97647}"
EndProject
Global
	GlobalSection(SolutionConfigurationPlatforms) = preSolution
		Debug|Any CPU = Debug|Any CPU
		Release|Any CPU = Release|Any CPU
	EndGlobalSection
	GlobalSection(ProjectConfigurationPlatforms) = postSolution
		{97B4AC23-CDEF-461B-A7FD-2A5D8341E1E9}.Debug|Any CPU.ActiveCfg = Debug|Any CPU
		{97B4AC23-CDEF-461B-A7FD-2A5D8341E1E9}.Debug|Any CPU.Build.0 = Debug|Any CPU
		{97B4AC23-CDEF-461B-A7FD-2A5D8341E1E9}.Release|Any CPU.ActiveCfg = Release|Any CPU
		{97B4AC23-CDEF-461B-A7FD-2A5D8341E1E9}.Release|Any CPU.Build.0 = Release|Any CPU
		{D49F68B1-9E4A-455F-AC4C-DF8930D79865}.Debug|Any CPU.ActiveCfg = Debug|Any CPU
		{D49F68B1-9E4A-455F-AC4C-DF8930D79865}.Debug|Any CPU.Build.0 = Debug|Any CPU
		{D49F68B1-9E4A-455F-AC4C-DF8930D79865}.Release|Any CPU.ActiveCfg = Release|Any CPU
		{D49F68B1-9E4A-455F-AC4C-DF8930D79865}.Release|Any CPU.Build.0 = Release|Any CPU
		{1938424F-7692-4098-ADC9-982D6F9EF5DE}.Debug|Any CPU.ActiveCfg = Debug|Any CPU
		{1938424F-7692-4098-ADC9-982D6F9EF5DE}.Debug|Any CPU.Build.0 = Debug|Any CPU
		{1938424F-7692-4098-ADC9-982D6F9EF5DE}.Release|Any CPU.ActiveCfg = Release|Any CPU
		{1938424F-7692-4098-ADC9-982D6F9EF5DE}.Release|Any CPU.Build.0 = Release|Any CPU
		{8AE4906D-FDFD-4B83-A29E-3C8E3FD97647}.Debug|Any CPU.ActiveCfg = Debug|Any CPU
		{8AE4906D-FDFD-4B83-A29E-3C8E3FD97647}.Debug|Any CPU.Build.0 = Debug|Any CPU
		{8AE4906D-FDFD-4B83-A29E-3C8E3FD97647}.Release|Any CPU.ActiveCfg = Release|Any CPU
		{8AE4906D-FDFD-4B83-A29E-3C8E3FD97647}.Release|Any CPU.Build.0 = Release|Any CPU
	EndGlobalSection
	GlobalSection(SolutionProperties) = preSolution
		HideSolutionNode = FALSE
	EndGlobalSection
	GlobalSection(NestedProjects) = preSolution
		{D49F68B1-9E4A-455F-AC4C-DF8930D79865} = {4C71FAFE-7F9D-4C9F-B06A-DE51FCE17205}
	EndGlobalSection
	GlobalSection(ExtensibilityGlobals) = postSolution
		SolutionGuid = {176CB27F-CD16-4F3E-BE3F-33D0900A7111}
	EndGlobalSection
EndGlobal
